
Microsoft Visual Studio Solution File, Format Version 12.00
# Visual Studio Version 17
VisualStudioVersion = 17.3.32929.385
MinimumVisualStudioVersion = 10.0.40219.1
Project("{FAE04EC0-301F-11D3-BF4B-00C04F79EFBC}") = "NewMethodApp", "NewMethodApp\NewMethodApp.csproj", "{CA5BD48C-917B-4085-BA0B-DD2B675DD5F2}"
EndProject
Global
	GlobalSection(SolutionConfigurationPlatforms) = preSolution
		Debug|Any CPU = Debug|Any CPU
		Release|Any CPU = Release|Any CPU
	EndGlobalSection
	GlobalSection(ProjectConfigurationPlatforms) = postSolution
		{CA5BD48C-917B-4085-BA0B-DD2B675DD5F2}.Debug|Any CPU.ActiveCfg = Debug|Any CPU
		{CA5BD48C-917B-4085-BA0B-DD2B675DD5F2}.Debug|Any CPU.Build.0 = Debug|Any CPU
		{CA5BD48C-917B-4085-BA0B-DD2B675DD5F2}.Release|Any CPU.ActiveCfg = Release|Any CPU
		{CA5BD48C-917B-4085-BA0B-DD2B675DD5F2}.Release|Any CPU.Build.0 = Release|Any CPU
	EndGlobalSection
	GlobalSection(SolutionProperties) = preSolution
		HideSolutionNode = FALSE
	EndGlobalSection
	GlobalSection(ExtensibilityGlobals) = postSolution
		SolutionGuid = {E6C807AA-004B-4D79-943A-FDDD6C46E4E3}
	EndGlobalSection
EndGlobal
