
Microsoft Visual Studio Solution File, Format Version 12.00
# Visual Studio Version 17
VisualStudioVersion = 17.3.32929.385
MinimumVisualStudioVersion = 10.0.40219.1
Project("{FAE04EC0-301F-11D3-BF4B-00C04F79EFBC}") = "ConsoleApp1", "ConsoleApp1\ConsoleApp1.csproj", "{BC58F7DA-CE8A-4ED0-BC04-93BEC9CDEAA2}"
EndProject
Global
	GlobalSection(SolutionConfigurationPlatforms) = preSolution
		Debug|Any CPU = Debug|Any CPU
		Release|Any CPU = Release|Any CPU
	EndGlobalSection
	GlobalSection(ProjectConfigurationPlatforms) = postSolution
		{BC58F7DA-CE8A-4ED0-BC04-93BEC9CDEAA2}.Debug|Any CPU.ActiveCfg = Debug|Any CPU
		{BC58F7DA-CE8A-4ED0-BC04-93BEC9CDEAA2}.Debug|Any CPU.Build.0 = Debug|Any CPU
		{BC58F7DA-CE8A-4ED0-BC04-93BEC9CDEAA2}.Release|Any CPU.ActiveCfg = Release|Any CPU
		{BC58F7DA-CE8A-4ED0-BC04-93BEC9CDEAA2}.Release|Any CPU.Build.0 = Release|Any CPU
	EndGlobalSection
	GlobalSection(SolutionProperties) = preSolution
		HideSolutionNode = FALSE
	EndGlobalSection
	GlobalSection(ExtensibilityGlobals) = postSolution
		SolutionGuid = {05D305B3-95C1-40D7-825B-186412C09DAB}
	EndGlobalSection
EndGlobal
